
Microsoft Visual Studio Solution File, Format Version 12.00
# Visual Studio Version 16
VisualStudioVersion = 16.0.32802.440
MinimumVisualStudioVersion = 10.0.40219.1
Project("{9A19103F-16F7-4668-BE54-9A1E7A4F7556}") = "No mas accidentes", "No mas accidentes\No mas accidentes.csproj", "{01067FD8-6578-43C8-B13F-BDDDB5846F0F}"
EndProject
Project("{FAE04EC0-301F-11D3-BF4B-00C04F79EFBC}") = "Modelo", "Modelo\Modelo.csproj", "{01754477-E267-41F1-8F33-1D7775DF20B9}"
EndProject
Project("{FAE04EC0-301F-11D3-BF4B-00C04F79EFBC}") = "Controlador", "Controlador\Controlador.csproj", "{FD107483-8BB4-4099-AA13-33CEE8B0B729}"
EndProject
Global
	GlobalSection(SolutionConfigurationPlatforms) = preSolution
		Debug|Any CPU = Debug|Any CPU
		Release|Any CPU = Release|Any CPU
	EndGlobalSection
	GlobalSection(ProjectConfigurationPlatforms) = postSolution
		{01067FD8-6578-43C8-B13F-BDDDB5846F0F}.Debug|Any CPU.ActiveCfg = Debug|Any CPU
		{01067FD8-6578-43C8-B13F-BDDDB5846F0F}.Debug|Any CPU.Build.0 = Debug|Any CPU
		{01067FD8-6578-43C8-B13F-BDDDB5846F0F}.Release|Any CPU.ActiveCfg = Release|Any CPU
		{01067FD8-6578-43C8-B13F-BDDDB5846F0F}.Release|Any CPU.Build.0 = Release|Any CPU
		{01754477-E267-41F1-8F33-1D7775DF20B9}.Debug|Any CPU.ActiveCfg = Debug|Any CPU
		{01754477-E267-41F1-8F33-1D7775DF20B9}.Debug|Any CPU.Build.0 = Debug|Any CPU
		{01754477-E267-41F1-8F33-1D7775DF20B9}.Release|Any CPU.ActiveCfg = Release|Any CPU
		{01754477-E267-41F1-8F33-1D7775DF20B9}.Release|Any CPU.Build.0 = Release|Any CPU
		{FD107483-8BB4-4099-AA13-33CEE8B0B729}.Debug|Any CPU.ActiveCfg = Debug|Any CPU
		{FD107483-8BB4-4099-AA13-33CEE8B0B729}.Debug|Any CPU.Build.0 = Debug|Any CPU
		{FD107483-8BB4-4099-AA13-33CEE8B0B729}.Release|Any CPU.ActiveCfg = Release|Any CPU
		{FD107483-8BB4-4099-AA13-33CEE8B0B729}.Release|Any CPU.Build.0 = Release|Any CPU
	EndGlobalSection
	GlobalSection(SolutionProperties) = preSolution
		HideSolutionNode = FALSE
	EndGlobalSection
	GlobalSection(ExtensibilityGlobals) = postSolution
		SolutionGuid = {DE81358A-28E5-4B4F-8DB4-646E7C4A564D}
	EndGlobalSection
EndGlobal
